
Microsoft Visual Studio Solution File, Format Version 12.00
# Visual Studio Version 16
VisualStudioVersion = 16.0.31911.196
MinimumVisualStudioVersion = 10.0.40219.1
Project("{FAE04EC0-301F-11D3-BF4B-00C04F79EFBC}") = "Задание 9", "Задание 9\Задание 9.csproj", "{FA09CC8B-7D39-4142-8DB6-456D3461633F}"
EndProject
Global
	GlobalSection(SolutionConfigurationPlatforms) = preSolution
		Debug|Any CPU = Debug|Any CPU
		Release|Any CPU = Release|Any CPU
	EndGlobalSection
	GlobalSection(ProjectConfigurationPlatforms) = postSolution
		{FA09CC8B-7D39-4142-8DB6-456D3461633F}.Debug|Any CPU.ActiveCfg = Debug|Any CPU
		{FA09CC8B-7D39-4142-8DB6-456D3461633F}.Debug|Any CPU.Build.0 = Debug|Any CPU
		{FA09CC8B-7D39-4142-8DB6-456D3461633F}.Release|Any CPU.ActiveCfg = Release|Any CPU
		{FA09CC8B-7D39-4142-8DB6-456D3461633F}.Release|Any CPU.Build.0 = Release|Any CPU
	EndGlobalSection
	GlobalSection(SolutionProperties) = preSolution
		HideSolutionNode = FALSE
	EndGlobalSection
	GlobalSection(ExtensibilityGlobals) = postSolution
		SolutionGuid = {2EE40616-C8F7-46DC-ACAD-E906D1C8E8C7}
	EndGlobalSection
EndGlobal
